// !$*UTF8*$!
{
	archiveVersion = 1;
	classes = {
	};
	objectVersion = 50;
	objects = {

/* Begin PBXBuildFile section */
		0B4C458E2696DF3500409298 /* AppDelegate.swift in Sources */ = {isa = PBXBuildFile; fileRef = 0B4C458D2696DF3500409298 /* AppDelegate.swift */; };
		0B4C45932696DF3500409298 /* Main.storyboard in Resources */ = {isa = PBXBuildFile; fileRef = 0B4C45912696DF3500409298 /* Main.storyboard */; };
		0B4C45962696DF3500409298 /* StudentManagementSystemCoreData.xcdatamodeld in Sources */ = {isa = PBXBuildFile; fileRef = 0B4C45942696DF3500409298 /* StudentManagementSystemCoreData.xcdatamodeld */; };
		0B4C45982696DF3800409298 /* Assets.xcassets in Resources */ = {isa = PBXBuildFile; fileRef = 0B4C45972696DF3800409298 /* Assets.xcassets */; };
		0B4C459B2696DF3800409298 /* LaunchScreen.storyboard in Resources */ = {isa = PBXBuildFile; fileRef = 0B4C45992696DF3800409298 /* LaunchScreen.storyboard */; };
		0B4C45A32696E0D700409298 /* CoreDataHandler.swift in Sources */ = {isa = PBXBuildFile; fileRef = 0B4C45A22696E0D700409298 /* CoreDataHandler.swift */; };
		0B4C45A92696ED9100409298 /* File.swift in Sources */ = {isa = PBXBuildFile; fileRef = 0B4C45A82696ED9100409298 /* File.swift */; };
		0B6F9AF026A030C7003DBFD3 /* LoginVc.swift in Sources */ = {isa = PBXBuildFile; fileRef = 0B6F9AEE26A030C6003DBFD3 /* LoginVc.swift */; };
		0B6F9AF126A030C7003DBFD3 /* NewNoticeVC.swift in Sources */ = {isa = PBXBuildFile; fileRef = 0B6F9AEF26A030C7003DBFD3 /* NewNoticeVC.swift */; };
		0B6F9AF326A030FB003DBFD3 /* NoticeVC.swift in Sources */ = {isa = PBXBuildFile; fileRef = 0B6F9AF226A030FB003DBFD3 /* NoticeVC.swift */; };
		0B6F9AF526A03113003DBFD3 /* StudentVC.swift in Sources */ = {isa = PBXBuildFile; fileRef = 0B6F9AF426A03112003DBFD3 /* StudentVC.swift */; };
		0B6F9AF726A03149003DBFD3 /* ViewController.swift in Sources */ = {isa = PBXBuildFile; fileRef = 0B6F9AF626A03149003DBFD3 /* ViewController.swift */; };
		0B6F9AF926A0319E003DBFD3 /* StudentListVC.swift in Sources */ = {isa = PBXBuildFile; fileRef = 0B6F9AF826A0319E003DBFD3 /* StudentListVC.swift */; };
		0B6F9AFB26A031C5003DBFD3 /* NewStudvc.swift in Sources */ = {isa = PBXBuildFile; fileRef = 0B6F9AFA26A031C5003DBFD3 /* NewStudvc.swift */; };
/* End PBXBuildFile section */

/* Begin PBXFileReference section */
		0B4C458A2696DF3500409298 /* StudentManagementSystemCoreData.app */ = {isa = PBXFileReference; explicitFileType = wrapper.application; includeInIndex = 0; path = StudentManagementSystemCoreData.app; sourceTree = BUILT_PRODUCTS_DIR; };
		0B4C458D2696DF3500409298 /* AppDelegate.swift */ = {isa = PBXFileReference; lastKnownFileType = sourcecode.swift; path = AppDelegate.swift; sourceTree = "<group>"; };
		0B4C45922696DF3500409298 /* Base */ = {isa = PBXFileReference; lastKnownFileType = file.storyboard; name = Base; path = Base.lproj/Main.storyboard; sourceTree = "<group>"; };
		0B4C45952696DF3500409298 /* StudentManagementSystemCoreData.xcdatamodel */ = {isa = PBXFileReference; lastKnownFileType = wrapper.xcdatamodel; path = StudentManagementSystemCoreData.xcdatamodel; sourceTree = "<group>"; };
		0B4C45972696DF3800409298 /* Assets.xcassets */ = {isa = PBXFileReference; lastKnownFileType = folder.assetcatalog; path = Assets.xcassets; sourceTree = "<group>"; };
		0B4C459A2696DF3800409298 /* Base */ = {isa = PBXFileReference; lastKnownFileType = file.storyboard; name = Base; path = Base.lproj/LaunchScreen.storyboard; sourceTree = "<group>"; };
		0B4C459C2696DF3800409298 /* Info.plist */ = {isa = PBXFileReference; lastKnownFileType = text.plist.xml; path = Info.plist; sourceTree = "<group>"; };
		0B4C45A22696E0D700409298 /* CoreDataHandler.swift */ = {isa = PBXFileReference; lastKnownFileType = sourcecode.swift; path = CoreDataHandler.swift; sourceTree = "<group>"; };
		0B4C45A82696ED9100409298 /* File.swift */ = {isa = PBXFileReference; fileEncoding = 4; lastKnownFileType = sourcecode.swift; path = File.swift; sourceTree = "<group>"; };
		0B6F9AEE26A030C6003DBFD3 /* LoginVc.swift */ = {isa = PBXFileReference; fileEncoding = 4; lastKnownFileType = sourcecode.swift; name = LoginVc.swift; path = ../../StudentAdmissionSystemUsingSqlite/StudentAdmissionSystemUsingSqlite/LoginVc.swift; sourceTree = "<group>"; };
		0B6F9AEF26A030C7003DBFD3 /* NewNoticeVC.swift */ = {isa = PBXFileReference; fileEncoding = 4; lastKnownFileType = sourcecode.swift; path = NewNoticeVC.swift; sourceTree = "<group>"; };
		0B6F9AF226A030FB003DBFD3 /* NoticeVC.swift */ = {isa = PBXFileReference; fileEncoding = 4; lastKnownFileType = sourcecode.swift; path = NoticeVC.swift; sourceTree = "<group>"; };
		0B6F9AF426A03112003DBFD3 /* StudentVC.swift */ = {isa = PBXFileReference; fileEncoding = 4; lastKnownFileType = sourcecode.swift; path = StudentVC.swift; sourceTree = "<group>"; };
		0B6F9AF626A03149003DBFD3 /* ViewController.swift */ = {isa = PBXFileReference; fileEncoding = 4; lastKnownFileType = sourcecode.swift; path = ViewController.swift; sourceTree = "<group>"; };
		0B6F9AF826A0319E003DBFD3 /* StudentListVC.swift */ = {isa = PBXFileReference; fileEncoding = 4; lastKnownFileType = sourcecode.swift; name = StudentListVC.swift; path = ../../StudentAdmissionSystemUsingSqlite/StudentAdmissionSystemUsingSqlite/StudentListVC.swift; sourceTree = "<group>"; };
		0B6F9AFA26A031C5003DBFD3 /* NewStudvc.swift */ = {isa = PBXFileReference; fileEncoding = 4; lastKnownFileType = sourcecode.swift; path = NewStudvc.swift; sourceTree = "<group>"; };
/* End PBXFileReference section */

/* Begin PBXFrameworksBuildPhase section */
		0B4C45872696DF3500409298 /* Frameworks */ = {
			isa = PBXFrameworksBuildPhase;
			buildActionMask = 2147483647;
			files = (
			);
			runOnlyForDeploymentPostprocessing = 0;
		};
/* End PBXFrameworksBuildPhase section */

/* Begin PBXGroup section */
		0B4C45812696DF3500409298 = {
			isa = PBXGroup;
			children = (
				0B4C458C2696DF3500409298 /* StudentManagementSystemCoreData */,
				0B4C458B2696DF3500409298 /* Products */,
			);
			sourceTree = "<group>";
		};
		0B4C458B2696DF3500409298 /* Products */ = {
			isa = PBXGroup;
			children = (
				0B4C458A2696DF3500409298 /* StudentManagementSystemCoreData.app */,
			);
			name = Products;
			sourceTree = "<group>";
		};
		0B4C458C2696DF3500409298 /* StudentManagementSystemCoreData */ = {
			isa = PBXGroup;
			children = (
				0B4C458D2696DF3500409298 /* AppDelegate.swift */,
				0B4C45A22696E0D700409298 /* CoreDataHandler.swift */,
				0B4C45A82696ED9100409298 /* File.swift */,
				0B6F9AF826A0319E003DBFD3 /* StudentListVC.swift */,
				0B6F9AF226A030FB003DBFD3 /* NoticeVC.swift */,
				0B6F9AF626A03149003DBFD3 /* ViewController.swift */,
				0B4C45912696DF3500409298 /* Main.storyboard */,
				0B6F9AFA26A031C5003DBFD3 /* NewStudvc.swift */,
				0B6F9AF426A03112003DBFD3 /* StudentVC.swift */,
				0B6F9AEE26A030C6003DBFD3 /* LoginVc.swift */,
				0B6F9AEF26A030C7003DBFD3 /* NewNoticeVC.swift */,
				0B4C45972696DF3800409298 /* Assets.xcassets */,
				0B4C45992696DF3800409298 /* LaunchScreen.storyboard */,
				0B4C459C2696DF3800409298 /* Info.plist */,
				0B4C45942696DF3500409298 /* StudentManagementSystemCoreData.xcdatamodeld */,
			);
			path = StudentManagementSystemCoreData;
			sourceTree = "<group>";
		};
/* End PBXGroup section */

/* Begin PBXNativeTarget section */
		0B4C45892696DF3500409298 /* StudentManagementSystemCoreData */ = {
			isa = PBXNativeTarget;
			buildConfigurationList = 0B4C459F2696DF3800409298 /* Build configuration list for PBXNativeTarget "StudentManagementSystemCoreData" */;
			buildPhases = (
				0B4C45862696DF3500409298 /* Sources */,
				0B4C45872696DF3500409298 /* Frameworks */,
				0B4C45882696DF3500409298 /* Resources */,
			);
			buildRules = (
			);
			dependencies = (
			);
			name = StudentManagementSystemCoreData;
			productName = StudentManagementSystemCoreData;
			productReference = 0B4C458A2696DF3500409298 /* StudentManagementSystemCoreData.app */;
			productType = "com.apple.product-type.application";
		};
/* End PBXNativeTarget section */

/* Begin PBXProject section */
		0B4C45822696DF3500409298 /* Project object */ = {
			isa = PBXProject;
			attributes = {
				LastSwiftUpdateCheck = 1020;
				LastUpgradeCheck = 1020;
				ORGANIZATIONNAME = DCS;
				TargetAttributes = {
					0B4C45892696DF3500409298 = {
						CreatedOnToolsVersion = 10.2.1;
					};
				};
			};
			buildConfigurationList = 0B4C45852696DF3500409298 /* Build configuration list for PBXProject "StudentManagementSystemCoreData" */;
			compatibilityVersion = "Xcode 9.3";
			developmentRegion = en;
			hasScannedForEncodings = 0;
			knownRegions = (
				en,
				Base,
			);
			mainGroup = 0B4C45812696DF3500409298;
			productRefGroup = 0B4C458B2696DF3500409298 /* Products */;
			projectDirPath = "";
			projectRoot = "";
			targets = (
				0B4C45892696DF3500409298 /* StudentManagementSystemCoreData */,
			);
		};
/* End PBXProject section */

/* Begin PBXResourcesBuildPhase section */
		0B4C45882696DF3500409298 /* Resources */ = {
			isa = PBXResourcesBuildPhase;
			buildActionMask = 2147483647;
			files = (
				0B4C459B2696DF3800409298 /* LaunchScreen.storyboard in Resources */,
				0B4C45982696DF3800409298 /* Assets.xcassets in Resources */,
				0B4C45932696DF3500409298 /* Main.storyboard in Resources */,
			);
			runOnlyForDeploymentPostprocessing = 0;
		};
/* End PBXResourcesBuildPhase section */

/* Begin PBXSourcesBuildPhase section */
		0B4C45862696DF3500409298 /* Sources */ = {
			isa = PBXSourcesBuildPhase;
			buildActionMask = 2147483647;
			files = (
				0B6F9AF526A03113003DBFD3 /* StudentVC.swift in Sources */,
				0B4C45A92696ED9100409298 /* File.swift in Sources */,
				0B6F9AF026A030C7003DBFD3 /* LoginVc.swift in Sources */,
				0B6F9AF726A03149003DBFD3 /* ViewController.swift in Sources */,
				0B6F9AF926A0319E003DBFD3 /* StudentListVC.swift in Sources */,
				0B4C45A32696E0D700409298 /* CoreDataHandler.swift in Sources */,
				0B6F9AFB26A031C5003DBFD3 /* NewStudvc.swift in Sources */,
				0B4C45962696DF3500409298 /* StudentManagementSystemCoreData.xcdatamodeld in Sources */,
				0B6F9AF326A030FB003DBFD3 /* NoticeVC.swift in Sources */,
				0B4C458E2696DF3500409298 /* AppDelegate.swift in Sources */,
				0B6F9AF126A030C7003DBFD3 /* NewNoticeVC.swift in Sources */,
			);
			runOnlyForDeploymentPostprocessing = 0;
		};
/* End PBXSourcesBuildPhase section */

/* Begin PBXVariantGroup section */
		0B4C45912696DF3500409298 /* Main.storyboard */ = {
			isa = PBXVariantGroup;
			children = (
				0B4C45922696DF3500409298 /* Base */,
			);
			name = Main.storyboard;
			sourceTree = "<group>";
		};
		0B4C45992696DF3800409298 /* LaunchScreen.storyboard */ = {
			isa = PBXVariantGroup;
			children = (
				0B4C459A2696DF3800409298 /* Base */,
			);
			name = LaunchScreen.storyboard;
			sourceTree = "<group>";
		};
/* End PBXVariantGroup section */

/* Begin XCBuildConfiguration section */
		0B4C459D2696DF3800409298 /* Debug */ = {
			isa = XCBuildConfiguration;
			buildSettings = {
				ALWAYS_SEARCH_USER_PATHS = NO;
				CLANG_ANALYZER_NONNULL = YES;
				CLANG_ANALYZER_NUMBER_OBJECT_CONVERSION = YES_AGGRESSIVE;
				CLANG_CXX_LANGUAGE_STANDARD = "gnu++14";
				CLANG_CXX_LIBRARY = "libc++";
				CLANG_ENABLE_MODULES = YES;
				CLANG_ENABLE_OBJC_ARC = YES;
				CLANG_ENABLE_OBJC_WEAK = YES;
				CLANG_WARN_BLOCK_CAPTURE_AUTORELEASING = YES;
				CLANG_WARN_BOOL_CONVERSION = YES;
				CLANG_WARN_COMMA = YES;
				CLANG_WARN_CONSTANT_CONVERSION = YES;
				CLANG_WARN_DEPRECATED_OBJC_IMPLEMENTATIONS = YES;
				CLANG_WARN_DIRECT_OBJC_ISA_USAGE = YES_ERROR;
				CLANG_WARN_DOCUMENTATION_COMMENTS = YES;
				CLANG_WARN_EMPTY_BODY = YES;
				CLANG_WARN_ENUM_CONVERSION = YES;
				CLANG_WARN_INFINITE_RECURSION = YES;
				CLANG_WARN_INT_CONVERSION = YES;
				CLANG_WARN_NON_LITERAL_NULL_CONVERSION = YES;
				CLANG_WARN_OBJC_IMPLICIT_RETAIN_SELF = YES;
				CLANG_WARN_OBJC_LITERAL_CONVERSION = YES;
				CLANG_WARN_OBJC_ROOT_CLASS = YES_ERROR;
				CLANG_WARN_RANGE_LOOP_ANALYSIS = YES;
				CLANG_WARN_STRICT_PROTOTYPES = YES;
				CLANG_WARN_SUSPICIOUS_MOVE = YES;
				CLANG_WARN_UNGUARDED_AVAILABILITY = YES_AGGRESSIVE;
				CLANG_WARN_UNREACHABLE_CODE = YES;
				CLANG_WARN__DUPLICATE_METHOD_MATCH = YES;
				CODE_SIGN_IDENTITY = "iPhone Developer";
				COPY_PHASE_STRIP = NO;
				DEBUG_INFORMATION_FORMAT = dwarf;
				ENABLE_STRICT_OBJC_MSGSEND = YES;
				ENABLE_TESTABILITY = YES;
				GCC_C_LANGUAGE_STANDARD = gnu11;
				GCC_DYNAMIC_NO_PIC = NO;
				GCC_NO_COMMON_BLOCKS = YES;
				GCC_OPTIMIZATION_LEVEL = 0;
				GCC_PREPROCESSOR_DEFINITIONS = (
					"DEBUG=1",
					"$(inherited)",
				);
				GCC_WARN_64_TO_32_BIT_CONVERSION = YES;
				GCC_WARN_ABOUT_RETURN_TYPE = YES_ERROR;
				GCC_WARN_UNDECLARED_SELECTOR = YES;
				GCC_WARN_UNINITIALIZED_AUTOS = YES_AGGRESSIVE;
				GCC_WARN_UNUSED_FUNCTION = YES;
				GCC_WARN_UNUSED_VARIABLE = YES;
				IPHONEOS_DEPLOYMENT_TARGET = 12.2;
				MTL_ENABLE_DEBUG_INFO = INCLUDE_SOURCE;
				MTL_FAST_MATH = YES;
				ONLY_ACTIVE_ARCH = YES;
				SDKROOT = iphoneos;
				SWIFT_ACTIVE_COMPILATION_CONDITIONS = DEBUG;
				SWIFT_OPTIMIZATION_LEVEL = "-Onone";
			};
			name = Debug;
		};
		0B4C459E2696DF3800409298 /* Release */ = {
			isa = XCBuildConfiguration;
			buildSettings = {
				ALWAYS_SEARCH_USER_PATHS = NO;
				CLANG_ANALYZER_NONNULL = YES;
				CLANG_ANALYZER_NUMBER_OBJECT_CONVERSION = YES_AGGRESSIVE;
				CLANG_CXX_LANGUAGE_STANDARD = "gnu++14";
				CLANG_CXX_LIBRARY = "libc++";
				CLANG_ENABLE_MODULES = YES;
				CLANG_ENABLE_OBJC_ARC = YES;
				CLANG_ENABLE_OBJC_WEAK = YES;
				CLANG_WARN_BLOCK_CAPTURE_AUTORELEASING = YES;
				CLANG_WARN_BOOL_CONVERSION = YES;
				CLANG_WARN_COMMA = YES;
				CLANG_WARN_CONSTANT_CONVERSION = YES;
				CLANG_WARN_DEPRECATED_OBJC_IMPLEMENTATIONS = YES;
				CLANG_WARN_DIRECT_OBJC_ISA_USAGE = YES_ERROR;
				CLANG_WARN_DOCUMENTATION_COMMENTS = YES;
				CLANG_WARN_EMPTY_BODY = YES;
				CLANG_WARN_ENUM_CONVERSION = YES;
				CLANG_WARN_INFINITE_RECURSION = YES;
				CLANG_WARN_INT_CONVERSION = YES;
				CLANG_WARN_NON_LITERAL_NULL_CONVERSION = YES;
				CLANG_WARN_OBJC_IMPLICIT_RETAIN_SELF = YES;
				CLANG_WARN_OBJC_LITERAL_CONVERSION = YES;
				CLANG_WARN_OBJC_ROOT_CLASS = YES_ERROR;
				CLANG_WARN_RANGE_LOOP_ANALYSIS = YES;
				CLANG_WARN_STRICT_PROTOTYPES = YES;
				CLANG_WARN_SUSPICIOUS_MOVE = YES;
				CLANG_WARN_UNGUARDED_AVAILABILITY = YES_AGGRESSIVE;
				CLANG_WARN_UNREACHABLE_CODE = YES;
				CLANG_WARN__DUPLICATE_METHOD_MATCH = YES;
				CODE_SIGN_IDENTITY = "iPhone Developer";
				COPY_PHASE_STRIP = NO;
				DEBUG_INFORMATION_FORMAT = "dwarf-with-dsym";
				ENABLE_NS_ASSERTIONS = NO;
				ENABLE_STRICT_OBJC_MSGSEND = YES;
				GCC_C_LANGUAGE_STANDARD = gnu11;
				GCC_NO_COMMON_BLOCKS = YES;
				GCC_WARN_64_TO_32_BIT_CONVERSION = YES;
				GCC_WARN_ABOUT_RETURN_TYPE = YES_ERROR;
				GCC_WARN_UNDECLARED_SELECTOR = YES;
				GCC_WARN_UNINITIALIZED_AUTOS = YES_AGGRESSIVE;
				GCC_WARN_UNUSED_FUNCTION = YES;
				GCC_WARN_UNUSED_VARIABLE = YES;
				IPHONEOS_DEPLOYMENT_TARGET = 12.2;
				MTL_ENABLE_DEBUG_INFO = NO;
				MTL_FAST_MATH = YES;
				SDKROOT = iphoneos;
				SWIFT_COMPILATION_MODE = wholemodule;
				SWIFT_OPTIMIZATION_LEVEL = "-O";
				VALIDATE_PRODUCT = YES;
			};
			name = Release;
		};
		0B4C45A02696DF3800409298 /* Debug */ = {
			isa = XCBuildConfiguration;
			buildSettings = {
				ASSETCATALOG_COMPILER_APPICON_NAME = AppIcon;
				CODE_SIGN_STYLE = Automatic;
				INFOPLIST_FILE = StudentManagementSystemCoreData/Info.plist;
				LD_RUNPATH_SEARCH_PATHS = (
					"$(inherited)",
					"@executable_path/Frameworks",
				);
				PRODUCT_BUNDLE_IDENTIFIER = in.ac.vnsgu.dcs.StudentManagementSystemCoreData;
				PRODUCT_NAME = "$(TARGET_NAME)";
				SWIFT_VERSION = 5.0;
				TARGETED_DEVICE_FAMILY = "1,2";
			};
			name = Debug;
		};
		0B4C45A12696DF3800409298 /* Release */ = {
			isa = XCBuildConfiguration;
			buildSettings = {
				ASSETCATALOG_COMPILER_APPICON_NAME = AppIcon;
				CODE_SIGN_STYLE = Automatic;
				INFOPLIST_FILE = StudentManagementSystemCoreData/Info.plist;
				LD_RUNPATH_SEARCH_PATHS = (
					"$(inherited)",
					"@executable_path/Frameworks",
				);
				PRODUCT_BUNDLE_IDENTIFIER = in.ac.vnsgu.dcs.StudentManagementSystemCoreData;
				PRODUCT_NAME = "$(TARGET_NAME)";
				SWIFT_VERSION = 5.0;
				TARGETED_DEVICE_FAMILY = "1,2";
			};
			name = Release;
		};
/* End XCBuildConfiguration section */

/* Begin XCConfigurationList section */
		0B4C45852696DF3500409298 /* Build configuration list for PBXProject "StudentManagementSystemCoreData" */ = {
			isa = XCConfigurationList;
			buildConfigurations = (
				0B4C459D2696DF3800409298 /* Debug */,
				0B4C459E2696DF3800409298 /* Release */,
			);
			defaultConfigurationIsVisible = 0;
			defaultConfigurationName = Release;
		};
		0B4C459F2696DF3800409298 /* Build configuration list for PBXNativeTarget "StudentManagementSystemCoreData" */ = {
			isa = XCConfigurationList;
			buildConfigurations = (
				0B4C45A02696DF3800409298 /* Debug */,
				0B4C45A12696DF3800409298 /* Release */,
			);
			defaultConfigurationIsVisible = 0;
			defaultConfigurationName = Release;
		};
/* End XCConfigurationList section */

/* Begin XCVersionGroup section */
		0B4C45942696DF3500409298 /* StudentManagementSystemCoreData.xcdatamodeld */ = {
			isa = XCVersionGroup;
			children = (
				0B4C45952696DF3500409298 /* StudentManagementSystemCoreData.xcdatamodel */,
			);
			currentVersion = 0B4C45952696DF3500409298 /* StudentManagementSystemCoreData.xcdatamodel */;
			path = StudentManagementSystemCoreData.xcdatamodeld;
			sourceTree = "<group>";
			versionGroupType = wrapper.xcdatamodel;
		};
/* End XCVersionGroup section */
	};
	rootObject = 0B4C45822696DF3500409298 /* Project object */;
}
